
Microsoft Visual Studio Solution File, Format Version 12.00
# Visual Studio 15
VisualStudioVersion = 15.0.27428.2037
MinimumVisualStudioVersion = 10.0.40219.1
Project("{FAE04EC0-301F-11D3-BF4B-00C04F79EFBC}") = "01_Class", "01_Class\01_Class.csproj", "{8D6BCF1E-9327-4424-A2B9-BED03CDCC203}"
EndProject
Project("{FAE04EC0-301F-11D3-BF4B-00C04F79EFBC}") = "02_ExternalClass", "02_ExternalClass\02_ExternalClass.csproj", "{ED475708-A722-460C-97D1-6DB51DD874CE}"
EndProject
Project("{FAE04EC0-301F-11D3-BF4B-00C04F79EFBC}") = "03_ExternalClassDifferentFolder", "03_ExternalClassDifferentFolder\03_ExternalClassDifferentFolder.csproj", "{6E9CE5E4-41E6-4771-B13E-8326DA5AEDE9}"
EndProject
Project("{FAE04EC0-301F-11D3-BF4B-00C04F79EFBC}") = "04_ExternalClassDifferentProject", "04_ExternalClassDifferentProject\04_ExternalClassDifferentProject.csproj", "{A82C2BC0-069A-45B4-B7C4-139290252F9B}"
EndProject
Project("{FAE04EC0-301F-11D3-BF4B-00C04F79EFBC}") = "05_Constructor", "05_Constructor\05_Constructor.csproj", "{E3B19B15-96BF-4BF6-AF04-958D2FBE7925}"
EndProject
Project("{FAE04EC0-301F-11D3-BF4B-00C04F79EFBC}") = "06_Destructor", "06_Deconstructor\06_Destructor.csproj", "{7484A840-F966-43F6-9BF3-EFA5549A89B1}"
EndProject
Project("{FAE04EC0-301F-11D3-BF4B-00C04F79EFBC}") = "07_Field", "07_Field\07_Field.csproj", "{9425BB02-A93A-4FF9-B26A-0CFA4D0D6A66}"
EndProject
Project("{FAE04EC0-301F-11D3-BF4B-00C04F79EFBC}") = "08_Inheritance", "08_Inheritance\08_Inheritance.csproj", "{35985672-A3FD-4690-B83B-7199DAB8A5DF}"
EndProject
Project("{FAE04EC0-301F-11D3-BF4B-00C04F79EFBC}") = "09_Encapsulation", "09_Encapsulation\09_Encapsulation.csproj", "{54523162-2A37-458F-930D-257E8B08906E}"
EndProject
Project("{FAE04EC0-301F-11D3-BF4B-00C04F79EFBC}") = "10_Delegate", "10_Delegate\10_Delegate.csproj", "{0531EEC0-1207-488E-B684-517E4B3E2B03}"
EndProject
Project("{FAE04EC0-301F-11D3-BF4B-00C04F79EFBC}") = "11_Event", "11_Event\11_Event.csproj", "{2FA366FB-3B92-412E-8451-D780A624BE8E}"
EndProject
Project("{FAE04EC0-301F-11D3-BF4B-00C04F79EFBC}") = "12_Event", "12_Event\12_Event.csproj", "{AC8CC4ED-2C0A-4C2D-9FEB-D061293A3222}"
EndProject
Project("{FAE04EC0-301F-11D3-BF4B-00C04F79EFBC}") = "13_Polymorphism", "13_Polymorphism\13_Polymorphism.csproj", "{4F2BAA57-A643-4D1A-8A59-94FBE3A4A93F}"
EndProject
Global
	GlobalSection(SolutionConfigurationPlatforms) = preSolution
		Debug|Any CPU = Debug|Any CPU
		Release|Any CPU = Release|Any CPU
	EndGlobalSection
	GlobalSection(ProjectConfigurationPlatforms) = postSolution
		{8D6BCF1E-9327-4424-A2B9-BED03CDCC203}.Debug|Any CPU.ActiveCfg = Debug|Any CPU
		{8D6BCF1E-9327-4424-A2B9-BED03CDCC203}.Debug|Any CPU.Build.0 = Debug|Any CPU
		{8D6BCF1E-9327-4424-A2B9-BED03CDCC203}.Release|Any CPU.ActiveCfg = Release|Any CPU
		{8D6BCF1E-9327-4424-A2B9-BED03CDCC203}.Release|Any CPU.Build.0 = Release|Any CPU
		{ED475708-A722-460C-97D1-6DB51DD874CE}.Debug|Any CPU.ActiveCfg = Debug|Any CPU
		{ED475708-A722-460C-97D1-6DB51DD874CE}.Debug|Any CPU.Build.0 = Debug|Any CPU
		{ED475708-A722-460C-97D1-6DB51DD874CE}.Release|Any CPU.ActiveCfg = Release|Any CPU
		{ED475708-A722-460C-97D1-6DB51DD874CE}.Release|Any CPU.Build.0 = Release|Any CPU
		{6E9CE5E4-41E6-4771-B13E-8326DA5AEDE9}.Debug|Any CPU.ActiveCfg = Debug|Any CPU
		{6E9CE5E4-41E6-4771-B13E-8326DA5AEDE9}.Debug|Any CPU.Build.0 = Debug|Any CPU
		{6E9CE5E4-41E6-4771-B13E-8326DA5AEDE9}.Release|Any CPU.ActiveCfg = Release|Any CPU
		{6E9CE5E4-41E6-4771-B13E-8326DA5AEDE9}.Release|Any CPU.Build.0 = Release|Any CPU
		{A82C2BC0-069A-45B4-B7C4-139290252F9B}.Debug|Any CPU.ActiveCfg = Debug|Any CPU
		{A82C2BC0-069A-45B4-B7C4-139290252F9B}.Debug|Any CPU.Build.0 = Debug|Any CPU
		{A82C2BC0-069A-45B4-B7C4-139290252F9B}.Release|Any CPU.ActiveCfg = Release|Any CPU
		{A82C2BC0-069A-45B4-B7C4-139290252F9B}.Release|Any CPU.Build.0 = Release|Any CPU
		{E3B19B15-96BF-4BF6-AF04-958D2FBE7925}.Debug|Any CPU.ActiveCfg = Debug|Any CPU
		{E3B19B15-96BF-4BF6-AF04-958D2FBE7925}.Debug|Any CPU.Build.0 = Debug|Any CPU
		{E3B19B15-96BF-4BF6-AF04-958D2FBE7925}.Release|Any CPU.ActiveCfg = Release|Any CPU
		{E3B19B15-96BF-4BF6-AF04-958D2FBE7925}.Release|Any CPU.Build.0 = Release|Any CPU
		{7484A840-F966-43F6-9BF3-EFA5549A89B1}.Debug|Any CPU.ActiveCfg = Debug|Any CPU
		{7484A840-F966-43F6-9BF3-EFA5549A89B1}.Debug|Any CPU.Build.0 = Debug|Any CPU
		{7484A840-F966-43F6-9BF3-EFA5549A89B1}.Release|Any CPU.ActiveCfg = Release|Any CPU
		{7484A840-F966-43F6-9BF3-EFA5549A89B1}.Release|Any CPU.Build.0 = Release|Any CPU
		{9425BB02-A93A-4FF9-B26A-0CFA4D0D6A66}.Debug|Any CPU.ActiveCfg = Debug|Any CPU
		{9425BB02-A93A-4FF9-B26A-0CFA4D0D6A66}.Debug|Any CPU.Build.0 = Debug|Any CPU
		{9425BB02-A93A-4FF9-B26A-0CFA4D0D6A66}.Release|Any CPU.ActiveCfg = Release|Any CPU
		{9425BB02-A93A-4FF9-B26A-0CFA4D0D6A66}.Release|Any CPU.Build.0 = Release|Any CPU
		{35985672-A3FD-4690-B83B-7199DAB8A5DF}.Debug|Any CPU.ActiveCfg = Debug|Any CPU
		{35985672-A3FD-4690-B83B-7199DAB8A5DF}.Debug|Any CPU.Build.0 = Debug|Any CPU
		{35985672-A3FD-4690-B83B-7199DAB8A5DF}.Release|Any CPU.ActiveCfg = Release|Any CPU
		{35985672-A3FD-4690-B83B-7199DAB8A5DF}.Release|Any CPU.Build.0 = Release|Any CPU
		{54523162-2A37-458F-930D-257E8B08906E}.Debug|Any CPU.ActiveCfg = Debug|Any CPU
		{54523162-2A37-458F-930D-257E8B08906E}.Debug|Any CPU.Build.0 = Debug|Any CPU
		{54523162-2A37-458F-930D-257E8B08906E}.Release|Any CPU.ActiveCfg = Release|Any CPU
		{54523162-2A37-458F-930D-257E8B08906E}.Release|Any CPU.Build.0 = Release|Any CPU
		{0531EEC0-1207-488E-B684-517E4B3E2B03}.Debug|Any CPU.ActiveCfg = Debug|Any CPU
		{0531EEC0-1207-488E-B684-517E4B3E2B03}.Debug|Any CPU.Build.0 = Debug|Any CPU
		{0531EEC0-1207-488E-B684-517E4B3E2B03}.Release|Any CPU.ActiveCfg = Release|Any CPU
		{0531EEC0-1207-488E-B684-517E4B3E2B03}.Release|Any CPU.Build.0 = Release|Any CPU
		{2FA366FB-3B92-412E-8451-D780A624BE8E}.Debug|Any CPU.ActiveCfg = Debug|Any CPU
		{2FA366FB-3B92-412E-8451-D780A624BE8E}.Debug|Any CPU.Build.0 = Debug|Any CPU
		{2FA366FB-3B92-412E-8451-D780A624BE8E}.Release|Any CPU.ActiveCfg = Release|Any CPU
		{2FA366FB-3B92-412E-8451-D780A624BE8E}.Release|Any CPU.Build.0 = Release|Any CPU
		{AC8CC4ED-2C0A-4C2D-9FEB-D061293A3222}.Debug|Any CPU.ActiveCfg = Debug|Any CPU
		{AC8CC4ED-2C0A-4C2D-9FEB-D061293A3222}.Debug|Any CPU.Build.0 = Debug|Any CPU
		{AC8CC4ED-2C0A-4C2D-9FEB-D061293A3222}.Release|Any CPU.ActiveCfg = Release|Any CPU
		{AC8CC4ED-2C0A-4C2D-9FEB-D061293A3222}.Release|Any CPU.Build.0 = Release|Any CPU
		{4F2BAA57-A643-4D1A-8A59-94FBE3A4A93F}.Debug|Any CPU.ActiveCfg = Debug|Any CPU
		{4F2BAA57-A643-4D1A-8A59-94FBE3A4A93F}.Debug|Any CPU.Build.0 = Debug|Any CPU
		{4F2BAA57-A643-4D1A-8A59-94FBE3A4A93F}.Release|Any CPU.ActiveCfg = Release|Any CPU
		{4F2BAA57-A643-4D1A-8A59-94FBE3A4A93F}.Release|Any CPU.Build.0 = Release|Any CPU
	EndGlobalSection
	GlobalSection(SolutionProperties) = preSolution
		HideSolutionNode = FALSE
	EndGlobalSection
	GlobalSection(ExtensibilityGlobals) = postSolution
		SolutionGuid = {803EED15-66E9-4F05-963F-A42A5869DE5F}
	EndGlobalSection
EndGlobal
