
Microsoft Visual Studio Solution File, Format Version 12.00
# Visual Studio 15
VisualStudioVersion = 15.0.27428.2037
MinimumVisualStudioVersion = 10.0.40219.1
Project("{FAE04EC0-301F-11D3-BF4B-00C04F79EFBC}") = "01_HelloWorld", "HelloWorld\01_HelloWorld.csproj", "{92A8BF61-2C64-4633-AB59-1AD58C9E7D41}"
EndProject
Project("{FAE04EC0-301F-11D3-BF4B-00C04F79EFBC}") = "02_Degiskenler", "02_Degiskenler\02_Degiskenler.csproj", "{DAB24EB3-6216-4A13-B633-E7341D079DB0}"
EndProject
Project("{FAE04EC0-301F-11D3-BF4B-00C04F79EFBC}") = "03_ConsoleReadAndWrite", "03_ConsoleReadAndWrite\03_ConsoleReadAndWrite.csproj", "{EBBC2A2A-2779-4EED-A172-07704C408836}"
EndProject
Project("{FAE04EC0-301F-11D3-BF4B-00C04F79EFBC}") = "04_Operatorler", "04_Operatorler\04_Operatorler.csproj", "{C027FE34-6D00-44A3-BC8F-49073E21E6FC}"
EndProject
Project("{FAE04EC0-301F-11D3-BF4B-00C04F79EFBC}") = "05_Conversion", "05_Conversion\05_Conversion.csproj", "{DF74A295-FC39-4318-8B28-4E2A7296ACA9}"
EndProject
Project("{FAE04EC0-301F-11D3-BF4B-00C04F79EFBC}") = "06_IfElse", "06_IfElse\06_IfElse.csproj", "{7F4ACE5A-7667-495B-832F-1721769C2A82}"
EndProject
Project("{FAE04EC0-301F-11D3-BF4B-00C04F79EFBC}") = "07_DateTime", "07_DateTime\07_DateTime.csproj", "{EE7BCABB-95B9-40A2-9AC5-7A2F33A66C87}"
EndProject
Project("{FAE04EC0-301F-11D3-BF4B-00C04F79EFBC}") = "08_TryParseOrnegi", "08_TryParseOrnegi\08_TryParseOrnegi.csproj", "{979397F8-B490-4F0C-BFAF-CDC742335A00}"
EndProject
Project("{FAE04EC0-301F-11D3-BF4B-00C04F79EFBC}") = "09_UcgenOrnegi", "09_UcgenOrnegi\09_UcgenOrnegi.csproj", "{7EC52823-0CB5-4F33-B66D-502B064780B5}"
EndProject
Project("{FAE04EC0-301F-11D3-BF4B-00C04F79EFBC}") = "10_SwitchCase", "10_SwitchCase\10_SwitchCase.csproj", "{64D16988-6E20-4F9D-9F6C-A30F8DAA59A3}"
EndProject
Project("{FAE04EC0-301F-11D3-BF4B-00C04F79EFBC}") = "11_NotHesaplamaUygulamasi", "11_NotHesaplamaUygulamasi\11_NotHesaplamaUygulamasi.csproj", "{9A27A51D-F006-44CF-B990-F0675627B1CE}"
EndProject
Project("{FAE04EC0-301F-11D3-BF4B-00C04F79EFBC}") = "12_Donguler", "12_Donguler\12_Donguler.csproj", "{92E9F5F6-4955-47B2-99FC-4FD8803F9318}"
EndProject
Project("{FAE04EC0-301F-11D3-BF4B-00C04F79EFBC}") = "13_SifreOrnegi", "13_SifreOrnegi\13_SifreOrnegi.csproj", "{83B20CD6-93FF-48E2-BC20-04B46DA1CC47}"
EndProject
Project("{FAE04EC0-301F-11D3-BF4B-00C04F79EFBC}") = "14_Diziler", "14_Diziler\14_Diziler.csproj", "{998C3D3F-04AB-4171-AF95-2C8578F95E53}"
EndProject
Project("{FAE04EC0-301F-11D3-BF4B-00C04F79EFBC}") = "15_NotHesaplamaUygulamasi2", "15_NotHesaplamaUygulamasi2\15_NotHesaplamaUygulamasi2.csproj", "{38E5EEB5-159A-4438-B00C-2A7C5872354E}"
EndProject
Project("{FAE04EC0-301F-11D3-BF4B-00C04F79EFBC}") = "16_Methods", "16_Methods\16_Methods.csproj", "{F6175EC5-2E6E-407F-BE73-590D7463E14E}"
EndProject
Project("{FAE04EC0-301F-11D3-BF4B-00C04F79EFBC}") = "17_MethodSignature_MethodOverloading", "17_MethodSignature_MethodOverloading\17_MethodSignature_MethodOverloading.csproj", "{45E28A24-190D-4345-9C48-F5C588EE9200}"
EndProject
Project("{FAE04EC0-301F-11D3-BF4B-00C04F79EFBC}") = "18_SayiSiralamaOrnegi", "18_SayiSiralamaOrnegi\18_SayiSiralamaOrnegi.csproj", "{9F4AA760-6FAC-41B1-AEE4-C5B6A5137F62}"
EndProject
Project("{9A19103F-16F7-4668-BE54-9A1E7A4F7556}") = "19_Ref_Out", "19_Ref_Out\19_Ref_Out.csproj", "{4A1D6C2A-B46C-48D7-A9F4-58A42A092F01}"
EndProject
Project("{9A19103F-16F7-4668-BE54-9A1E7A4F7556}") = "21_Params", "21_Params\21_Params.csproj", "{FE8BD938-4ECC-48D8-AF89-5DA76B42AEAA}"
EndProject
Project("{FAE04EC0-301F-11D3-BF4B-00C04F79EFBC}") = "22_RasgeleSayilarToplami", "22_RasgeleSayilarToplami\22_RasgeleSayilarToplami.csproj", "{61B8493C-8BCF-40F9-82C1-A440CAA823FB}"
EndProject
Project("{FAE04EC0-301F-11D3-BF4B-00C04F79EFBC}") = "23_MathFonksiyonlari", "MathFonksiyonlari\23_MathFonksiyonlari.csproj", "{4FE65826-1B03-4919-B10C-B839ED335810}"
EndProject
Project("{FAE04EC0-301F-11D3-BF4B-00C04F79EFBC}") = "24_DateFonksiyonlari", "24_DateFonksiyonlari\24_DateFonksiyonlari.csproj", "{A5357A7E-42D0-4479-BCA5-D1DA8E650B02}"
EndProject
Project("{FAE04EC0-301F-11D3-BF4B-00C04F79EFBC}") = "25_StringMetotları", "25_StringMetotları\25_StringMetotları.csproj", "{36D3EDB5-D2B1-49E5-9245-1180FDB57F23}"
EndProject
Project("{FAE04EC0-301F-11D3-BF4B-00C04F79EFBC}") = "20_TryCatchFinally", "20_TryCatchFinally\20_TryCatchFinally.csproj", "{B9FF5C97-1150-439B-BF09-48A984FD501A}"
EndProject
Project("{FAE04EC0-301F-11D3-BF4B-00C04F79EFBC}") = "26_Ornekler", "26_Ornekler\26_Ornekler.csproj", "{F3B2CF14-01D1-48C8-A5B1-B3B365A41DE8}"
EndProject
Project("{FAE04EC0-301F-11D3-BF4B-00C04F79EFBC}") = "27_HavaYoluUygulamasi", "27_HavaYoluUygulamasi\27_HavaYoluUygulamasi.csproj", "{1D05E622-045D-4777-BBC1-16BC93CC02DF}"
EndProject
Global
	GlobalSection(SolutionConfigurationPlatforms) = preSolution
		Debug|Any CPU = Debug|Any CPU
		Release|Any CPU = Release|Any CPU
	EndGlobalSection
	GlobalSection(ProjectConfigurationPlatforms) = postSolution
		{92A8BF61-2C64-4633-AB59-1AD58C9E7D41}.Debug|Any CPU.ActiveCfg = Debug|Any CPU
		{92A8BF61-2C64-4633-AB59-1AD58C9E7D41}.Debug|Any CPU.Build.0 = Debug|Any CPU
		{92A8BF61-2C64-4633-AB59-1AD58C9E7D41}.Release|Any CPU.ActiveCfg = Release|Any CPU
		{92A8BF61-2C64-4633-AB59-1AD58C9E7D41}.Release|Any CPU.Build.0 = Release|Any CPU
		{DAB24EB3-6216-4A13-B633-E7341D079DB0}.Debug|Any CPU.ActiveCfg = Debug|Any CPU
		{DAB24EB3-6216-4A13-B633-E7341D079DB0}.Debug|Any CPU.Build.0 = Debug|Any CPU
		{DAB24EB3-6216-4A13-B633-E7341D079DB0}.Release|Any CPU.ActiveCfg = Release|Any CPU
		{DAB24EB3-6216-4A13-B633-E7341D079DB0}.Release|Any CPU.Build.0 = Release|Any CPU
		{EBBC2A2A-2779-4EED-A172-07704C408836}.Debug|Any CPU.ActiveCfg = Debug|Any CPU
		{EBBC2A2A-2779-4EED-A172-07704C408836}.Debug|Any CPU.Build.0 = Debug|Any CPU
		{EBBC2A2A-2779-4EED-A172-07704C408836}.Release|Any CPU.ActiveCfg = Release|Any CPU
		{EBBC2A2A-2779-4EED-A172-07704C408836}.Release|Any CPU.Build.0 = Release|Any CPU
		{C027FE34-6D00-44A3-BC8F-49073E21E6FC}.Debug|Any CPU.ActiveCfg = Debug|Any CPU
		{C027FE34-6D00-44A3-BC8F-49073E21E6FC}.Debug|Any CPU.Build.0 = Debug|Any CPU
		{C027FE34-6D00-44A3-BC8F-49073E21E6FC}.Release|Any CPU.ActiveCfg = Release|Any CPU
		{C027FE34-6D00-44A3-BC8F-49073E21E6FC}.Release|Any CPU.Build.0 = Release|Any CPU
		{DF74A295-FC39-4318-8B28-4E2A7296ACA9}.Debug|Any CPU.ActiveCfg = Debug|Any CPU
		{DF74A295-FC39-4318-8B28-4E2A7296ACA9}.Debug|Any CPU.Build.0 = Debug|Any CPU
		{DF74A295-FC39-4318-8B28-4E2A7296ACA9}.Release|Any CPU.ActiveCfg = Release|Any CPU
		{DF74A295-FC39-4318-8B28-4E2A7296ACA9}.Release|Any CPU.Build.0 = Release|Any CPU
		{7F4ACE5A-7667-495B-832F-1721769C2A82}.Debug|Any CPU.ActiveCfg = Debug|Any CPU
		{7F4ACE5A-7667-495B-832F-1721769C2A82}.Debug|Any CPU.Build.0 = Debug|Any CPU
		{7F4ACE5A-7667-495B-832F-1721769C2A82}.Release|Any CPU.ActiveCfg = Release|Any CPU
		{7F4ACE5A-7667-495B-832F-1721769C2A82}.Release|Any CPU.Build.0 = Release|Any CPU
		{EE7BCABB-95B9-40A2-9AC5-7A2F33A66C87}.Debug|Any CPU.ActiveCfg = Debug|Any CPU
		{EE7BCABB-95B9-40A2-9AC5-7A2F33A66C87}.Debug|Any CPU.Build.0 = Debug|Any CPU
		{EE7BCABB-95B9-40A2-9AC5-7A2F33A66C87}.Release|Any CPU.ActiveCfg = Release|Any CPU
		{EE7BCABB-95B9-40A2-9AC5-7A2F33A66C87}.Release|Any CPU.Build.0 = Release|Any CPU
		{979397F8-B490-4F0C-BFAF-CDC742335A00}.Debug|Any CPU.ActiveCfg = Debug|Any CPU
		{979397F8-B490-4F0C-BFAF-CDC742335A00}.Debug|Any CPU.Build.0 = Debug|Any CPU
		{979397F8-B490-4F0C-BFAF-CDC742335A00}.Release|Any CPU.ActiveCfg = Release|Any CPU
		{979397F8-B490-4F0C-BFAF-CDC742335A00}.Release|Any CPU.Build.0 = Release|Any CPU
		{7EC52823-0CB5-4F33-B66D-502B064780B5}.Debug|Any CPU.ActiveCfg = Debug|Any CPU
		{7EC52823-0CB5-4F33-B66D-502B064780B5}.Debug|Any CPU.Build.0 = Debug|Any CPU
		{7EC52823-0CB5-4F33-B66D-502B064780B5}.Release|Any CPU.ActiveCfg = Release|Any CPU
		{7EC52823-0CB5-4F33-B66D-502B064780B5}.Release|Any CPU.Build.0 = Release|Any CPU
		{64D16988-6E20-4F9D-9F6C-A30F8DAA59A3}.Debug|Any CPU.ActiveCfg = Debug|Any CPU
		{64D16988-6E20-4F9D-9F6C-A30F8DAA59A3}.Debug|Any CPU.Build.0 = Debug|Any CPU
		{64D16988-6E20-4F9D-9F6C-A30F8DAA59A3}.Release|Any CPU.ActiveCfg = Release|Any CPU
		{64D16988-6E20-4F9D-9F6C-A30F8DAA59A3}.Release|Any CPU.Build.0 = Release|Any CPU
		{9A27A51D-F006-44CF-B990-F0675627B1CE}.Debug|Any CPU.ActiveCfg = Debug|Any CPU
		{9A27A51D-F006-44CF-B990-F0675627B1CE}.Debug|Any CPU.Build.0 = Debug|Any CPU
		{9A27A51D-F006-44CF-B990-F0675627B1CE}.Release|Any CPU.ActiveCfg = Release|Any CPU
		{9A27A51D-F006-44CF-B990-F0675627B1CE}.Release|Any CPU.Build.0 = Release|Any CPU
		{92E9F5F6-4955-47B2-99FC-4FD8803F9318}.Debug|Any CPU.ActiveCfg = Debug|Any CPU
		{92E9F5F6-4955-47B2-99FC-4FD8803F9318}.Debug|Any CPU.Build.0 = Debug|Any CPU
		{92E9F5F6-4955-47B2-99FC-4FD8803F9318}.Release|Any CPU.ActiveCfg = Release|Any CPU
		{92E9F5F6-4955-47B2-99FC-4FD8803F9318}.Release|Any CPU.Build.0 = Release|Any CPU
		{83B20CD6-93FF-48E2-BC20-04B46DA1CC47}.Debug|Any CPU.ActiveCfg = Debug|Any CPU
		{83B20CD6-93FF-48E2-BC20-04B46DA1CC47}.Debug|Any CPU.Build.0 = Debug|Any CPU
		{83B20CD6-93FF-48E2-BC20-04B46DA1CC47}.Release|Any CPU.ActiveCfg = Release|Any CPU
		{83B20CD6-93FF-48E2-BC20-04B46DA1CC47}.Release|Any CPU.Build.0 = Release|Any CPU
		{998C3D3F-04AB-4171-AF95-2C8578F95E53}.Debug|Any CPU.ActiveCfg = Debug|Any CPU
		{998C3D3F-04AB-4171-AF95-2C8578F95E53}.Debug|Any CPU.Build.0 = Debug|Any CPU
		{998C3D3F-04AB-4171-AF95-2C8578F95E53}.Release|Any CPU.ActiveCfg = Release|Any CPU
		{998C3D3F-04AB-4171-AF95-2C8578F95E53}.Release|Any CPU.Build.0 = Release|Any CPU
		{38E5EEB5-159A-4438-B00C-2A7C5872354E}.Debug|Any CPU.ActiveCfg = Debug|Any CPU
		{38E5EEB5-159A-4438-B00C-2A7C5872354E}.Debug|Any CPU.Build.0 = Debug|Any CPU
		{38E5EEB5-159A-4438-B00C-2A7C5872354E}.Release|Any CPU.ActiveCfg = Release|Any CPU
		{38E5EEB5-159A-4438-B00C-2A7C5872354E}.Release|Any CPU.Build.0 = Release|Any CPU
		{F6175EC5-2E6E-407F-BE73-590D7463E14E}.Debug|Any CPU.ActiveCfg = Debug|Any CPU
		{F6175EC5-2E6E-407F-BE73-590D7463E14E}.Debug|Any CPU.Build.0 = Debug|Any CPU
		{F6175EC5-2E6E-407F-BE73-590D7463E14E}.Release|Any CPU.ActiveCfg = Release|Any CPU
		{F6175EC5-2E6E-407F-BE73-590D7463E14E}.Release|Any CPU.Build.0 = Release|Any CPU
		{45E28A24-190D-4345-9C48-F5C588EE9200}.Debug|Any CPU.ActiveCfg = Debug|Any CPU
		{45E28A24-190D-4345-9C48-F5C588EE9200}.Debug|Any CPU.Build.0 = Debug|Any CPU
		{45E28A24-190D-4345-9C48-F5C588EE9200}.Release|Any CPU.ActiveCfg = Release|Any CPU
		{45E28A24-190D-4345-9C48-F5C588EE9200}.Release|Any CPU.Build.0 = Release|Any CPU
		{9F4AA760-6FAC-41B1-AEE4-C5B6A5137F62}.Debug|Any CPU.ActiveCfg = Debug|Any CPU
		{9F4AA760-6FAC-41B1-AEE4-C5B6A5137F62}.Debug|Any CPU.Build.0 = Debug|Any CPU
		{9F4AA760-6FAC-41B1-AEE4-C5B6A5137F62}.Release|Any CPU.ActiveCfg = Release|Any CPU
		{9F4AA760-6FAC-41B1-AEE4-C5B6A5137F62}.Release|Any CPU.Build.0 = Release|Any CPU
		{4A1D6C2A-B46C-48D7-A9F4-58A42A092F01}.Debug|Any CPU.ActiveCfg = Debug|Any CPU
		{4A1D6C2A-B46C-48D7-A9F4-58A42A092F01}.Debug|Any CPU.Build.0 = Debug|Any CPU
		{4A1D6C2A-B46C-48D7-A9F4-58A42A092F01}.Release|Any CPU.ActiveCfg = Release|Any CPU
		{4A1D6C2A-B46C-48D7-A9F4-58A42A092F01}.Release|Any CPU.Build.0 = Release|Any CPU
		{FE8BD938-4ECC-48D8-AF89-5DA76B42AEAA}.Debug|Any CPU.ActiveCfg = Debug|Any CPU
		{FE8BD938-4ECC-48D8-AF89-5DA76B42AEAA}.Debug|Any CPU.Build.0 = Debug|Any CPU
		{FE8BD938-4ECC-48D8-AF89-5DA76B42AEAA}.Release|Any CPU.ActiveCfg = Release|Any CPU
		{FE8BD938-4ECC-48D8-AF89-5DA76B42AEAA}.Release|Any CPU.Build.0 = Release|Any CPU
		{61B8493C-8BCF-40F9-82C1-A440CAA823FB}.Debug|Any CPU.ActiveCfg = Debug|Any CPU
		{61B8493C-8BCF-40F9-82C1-A440CAA823FB}.Debug|Any CPU.Build.0 = Debug|Any CPU
		{61B8493C-8BCF-40F9-82C1-A440CAA823FB}.Release|Any CPU.ActiveCfg = Release|Any CPU
		{61B8493C-8BCF-40F9-82C1-A440CAA823FB}.Release|Any CPU.Build.0 = Release|Any CPU
		{4FE65826-1B03-4919-B10C-B839ED335810}.Debug|Any CPU.ActiveCfg = Debug|Any CPU
		{4FE65826-1B03-4919-B10C-B839ED335810}.Debug|Any CPU.Build.0 = Debug|Any CPU
		{4FE65826-1B03-4919-B10C-B839ED335810}.Release|Any CPU.ActiveCfg = Release|Any CPU
		{4FE65826-1B03-4919-B10C-B839ED335810}.Release|Any CPU.Build.0 = Release|Any CPU
		{A5357A7E-42D0-4479-BCA5-D1DA8E650B02}.Debug|Any CPU.ActiveCfg = Debug|Any CPU
		{A5357A7E-42D0-4479-BCA5-D1DA8E650B02}.Debug|Any CPU.Build.0 = Debug|Any CPU
		{A5357A7E-42D0-4479-BCA5-D1DA8E650B02}.Release|Any CPU.ActiveCfg = Release|Any CPU
		{A5357A7E-42D0-4479-BCA5-D1DA8E650B02}.Release|Any CPU.Build.0 = Release|Any CPU
		{36D3EDB5-D2B1-49E5-9245-1180FDB57F23}.Debug|Any CPU.ActiveCfg = Debug|Any CPU
		{36D3EDB5-D2B1-49E5-9245-1180FDB57F23}.Debug|Any CPU.Build.0 = Debug|Any CPU
		{36D3EDB5-D2B1-49E5-9245-1180FDB57F23}.Release|Any CPU.ActiveCfg = Release|Any CPU
		{36D3EDB5-D2B1-49E5-9245-1180FDB57F23}.Release|Any CPU.Build.0 = Release|Any CPU
		{B9FF5C97-1150-439B-BF09-48A984FD501A}.Debug|Any CPU.ActiveCfg = Debug|Any CPU
		{B9FF5C97-1150-439B-BF09-48A984FD501A}.Debug|Any CPU.Build.0 = Debug|Any CPU
		{B9FF5C97-1150-439B-BF09-48A984FD501A}.Release|Any CPU.ActiveCfg = Release|Any CPU
		{B9FF5C97-1150-439B-BF09-48A984FD501A}.Release|Any CPU.Build.0 = Release|Any CPU
		{F3B2CF14-01D1-48C8-A5B1-B3B365A41DE8}.Debug|Any CPU.ActiveCfg = Debug|Any CPU
		{F3B2CF14-01D1-48C8-A5B1-B3B365A41DE8}.Debug|Any CPU.Build.0 = Debug|Any CPU
		{F3B2CF14-01D1-48C8-A5B1-B3B365A41DE8}.Release|Any CPU.ActiveCfg = Release|Any CPU
		{F3B2CF14-01D1-48C8-A5B1-B3B365A41DE8}.Release|Any CPU.Build.0 = Release|Any CPU
		{1D05E622-045D-4777-BBC1-16BC93CC02DF}.Debug|Any CPU.ActiveCfg = Debug|Any CPU
		{1D05E622-045D-4777-BBC1-16BC93CC02DF}.Debug|Any CPU.Build.0 = Debug|Any CPU
		{1D05E622-045D-4777-BBC1-16BC93CC02DF}.Release|Any CPU.ActiveCfg = Release|Any CPU
		{1D05E622-045D-4777-BBC1-16BC93CC02DF}.Release|Any CPU.Build.0 = Release|Any CPU
	EndGlobalSection
	GlobalSection(SolutionProperties) = preSolution
		HideSolutionNode = FALSE
	EndGlobalSection
	GlobalSection(ExtensibilityGlobals) = postSolution
		SolutionGuid = {65A7338A-1BAA-4107-A56E-32EC49B2CBB2}
	EndGlobalSection
EndGlobal
